// !$*UTF8*$!
{
	archiveVersion = 1;
	classes = {
	};
	objectVersion = 46;
	objects = {

/* Begin PBXBuildFile section */
		FFAF3A101D63656C0083FABE /* AppDelegate.swift in Sources */ = {isa = PBXBuildFile; fileRef = FFAF3A0F1D63656C0083FABE /* AppDelegate.swift */; };
		FFAF3A121D63656C0083FABE /* ViewController.swift in Sources */ = {isa = PBXBuildFile; fileRef = FFAF3A111D63656C0083FABE /* ViewController.swift */; };
		FFAF3A151D63656C0083FABE /* Main.storyboard in Resources */ = {isa = PBXBuildFile; fileRef = FFAF3A131D63656C0083FABE /* Main.storyboard */; };
		FFAF3A171D63656C0083FABE /* Assets.xcassets in Resources */ = {isa = PBXBuildFile; fileRef = FFAF3A161D63656C0083FABE /* Assets.xcassets */; };
		FFAF3A1A1D63656C0083FABE /* LaunchScreen.storyboard in Resources */ = {isa = PBXBuildFile; fileRef = FFAF3A181D63656C0083FABE /* LaunchScreen.storyboard */; };
/* End PBXBuildFile section */

/* Begin PBXFileReference section */
		FFAF3A0C1D63656C0083FABE /* uistackview.app */ = {isa = PBXFileReference; explicitFileType = wrapper.application; includeInIndex = 0; path = uistackview.app; sourceTree = BUILT_PRODUCTS_DIR; };
		FFAF3A0F1D63656C0083FABE /* AppDelegate.swift */ = {isa = PBXFileReference; lastKnownFileType = sourcecode.swift; path = AppDelegate.swift; sourceTree = "<group>"; };
		FFAF3A111D63656C0083FABE /* ViewController.swift */ = {isa = PBXFileReference; lastKnownFileType = sourcecode.swift; path = ViewController.swift; sourceTree = "<group>"; };
		FFAF3A141D63656C0083FABE /* Base */ = {isa = PBXFileReference; lastKnownFileType = file.storyboard; name = Base; path = Base.lproj/Main.storyboard; sourceTree = "<group>"; };
		FFAF3A161D63656C0083FABE /* Assets.xcassets */ = {isa = PBXFileReference; lastKnownFileType = folder.assetcatalog; path = Assets.xcassets; sourceTree = "<group>"; };
		FFAF3A191D63656C0083FABE /* Base */ = {isa = PBXFileReference; lastKnownFileType = file.storyboard; name = Base; path = Base.lproj/LaunchScreen.storyboard; sourceTree = "<group>"; };
		FFAF3A1B1D63656C0083FABE /* Info.plist */ = {isa = PBXFileReference; lastKnownFileType = text.plist.xml; path = Info.plist; sourceTree = "<group>"; };
/* End PBXFileReference section */

/* Begin PBXFrameworksBuildPhase section */
		FFAF3A091D63656C0083FABE /* Frameworks */ = {
			isa = PBXFrameworksBuildPhase;
			buildActionMask = 2147483647;
			files = (
			);
			runOnlyForDeploymentPostprocessing = 0;
		};
/* End PBXFrameworksBuildPhase section */

/* Begin PBXGroup section */
		FFAF3A031D63656C0083FABE = {
			isa = PBXGroup;
			children = (
				FFAF3A0E1D63656C0083FABE /* uistackview */,
				FFAF3A0D1D63656C0083FABE /* Products */,
			);
			sourceTree = "<group>";
		};
		FFAF3A0D1D63656C0083FABE /* Products */ = {
			isa = PBXGroup;
			children = (
				FFAF3A0C1D63656C0083FABE /* uistackview.app */,
			);
			name = Products;
			sourceTree = "<group>";
		};
		FFAF3A0E1D63656C0083FABE /* uistackview */ = {
			isa = PBXGroup;
			children = (
				FFAF3A0F1D63656C0083FABE /* AppDelegate.swift */,
				FFAF3A111D63656C0083FABE /* ViewController.swift */,
				FFAF3A131D63656C0083FABE /* Main.storyboard */,
				FFAF3A161D63656C0083FABE /* Assets.xcassets */,
				FFAF3A181D63656C0083FABE /* LaunchScreen.storyboard */,
				FFAF3A1B1D63656C0083FABE /* Info.plist */,
			);
			path = uistackview;
			sourceTree = "<group>";
		};
/* End PBXGroup section */

/* Begin PBXNativeTarget section */
		FFAF3A0B1D63656C0083FABE /* uistackview */ = {
			isa = PBXNativeTarget;
			buildConfigurationList = FFAF3A1E1D63656C0083FABE /* Build configuration list for PBXNativeTarget "uistackview" */;
			buildPhases = (
				FFAF3A081D63656C0083FABE /* Sources */,
				FFAF3A091D63656C0083FABE /* Frameworks */,
				FFAF3A0A1D63656C0083FABE /* Resources */,
			);
			buildRules = (
			);
			dependencies = (
			);
			name = uistackview;
			productName = uistackview;
			productReference = FFAF3A0C1D63656C0083FABE /* uistackview.app */;
			productType = "com.apple.product-type.application";
		};
/* End PBXNativeTarget section */

/* Begin PBXProject section */
		FFAF3A041D63656C0083FABE /* Project object */ = {
			isa = PBXProject;
			attributes = {
				LastSwiftUpdateCheck = 0800;
				LastUpgradeCheck = 0800;
				ORGANIZATIONNAME = Mesut;
				TargetAttributes = {
					FFAF3A0B1D63656C0083FABE = {
						CreatedOnToolsVersion = 8.0;
						ProvisioningStyle = Automatic;
					};
				};
			};
			buildConfigurationList = FFAF3A071D63656C0083FABE /* Build configuration list for PBXProject "uistackview" */;
			compatibilityVersion = "Xcode 3.2";
			developmentRegion = English;
			hasScannedForEncodings = 0;
			knownRegions = (
				en,
				Base,
			);
			mainGroup = FFAF3A031D63656C0083FABE;
			productRefGroup = FFAF3A0D1D63656C0083FABE /* Products */;
			projectDirPath = "";
			projectRoot = "";
			targets = (
				FFAF3A0B1D63656C0083FABE /* uistackview */,
			);
		};
/* End PBXProject section */

/* Begin PBXResourcesBuildPhase section */
		FFAF3A0A1D63656C0083FABE /* Resources */ = {
			isa = PBXResourcesBuildPhase;
			buildActionMask = 2147483647;
			files = (
				FFAF3A1A1D63656C0083FABE /* LaunchScreen.storyboard in Resources */,
				FFAF3A171D63656C0083FABE /* Assets.xcassets in Resources */,
				FFAF3A151D63656C0083FABE /* Main.storyboard in Resources */,
			);
			runOnlyForDeploymentPostprocessing = 0;
		};
/* End PBXResourcesBuildPhase section */

/* Begin PBXSourcesBuildPhase section */
		FFAF3A081D63656C0083FABE /* Sources */ = {
			isa = PBXSourcesBuildPhase;
			buildActionMask = 2147483647;
			files = (
				FFAF3A121D63656C0083FABE /* ViewController.swift in Sources */,
				FFAF3A101D63656C0083FABE /* AppDelegate.swift in Sources */,
			);
			runOnlyForDeploymentPostprocessing = 0;
		};
/* End PBXSourcesBuildPhase section */

/* Begin PBXVariantGroup section */
		FFAF3A131D63656C0083FABE /* Main.storyboard */ = {
			isa = PBXVariantGroup;
			children = (
				FFAF3A141D63656C0083FABE /* Base */,
			);
			name = Main.storyboard;
			sourceTree = "<group>";
		};
		FFAF3A181D63656C0083FABE /* LaunchScreen.storyboard */ = {
			isa = PBXVariantGroup;
			children = (
				FFAF3A191D63656C0083FABE /* Base */,
			);
			name = LaunchScreen.storyboard;
			sourceTree = "<group>";
		};
/* End PBXVariantGroup section */

/* Begin XCBuildConfiguration section */
		FFAF3A1C1D63656C0083FABE /* Debug */ = {
			isa = XCBuildConfiguration;
			buildSettings = {
				ALWAYS_SEARCH_USER_PATHS = NO;
				CLANG_ANALYZER_NONNULL = YES;
				CLANG_CXX_LANGUAGE_STANDARD = "gnu++0x";
				CLANG_CXX_LIBRARY = "libc++";
				CLANG_ENABLE_MODULES = YES;
				CLANG_ENABLE_OBJC_ARC = YES;
				CLANG_WARN_BOOL_CONVERSION = YES;
				CLANG_WARN_CONSTANT_CONVERSION = YES;
				CLANG_WARN_DIRECT_OBJC_ISA_USAGE = YES_ERROR;
				CLANG_WARN_DOCUMENTATION_COMMENTS = YES;
				CLANG_WARN_EMPTY_BODY = YES;
				CLANG_WARN_ENUM_CONVERSION = YES;
				CLANG_WARN_INFINITE_RECURSION = YES;
				CLANG_WARN_INT_CONVERSION = YES;
				CLANG_WARN_OBJC_ROOT_CLASS = YES_ERROR;
				CLANG_WARN_SUSPICIOUS_MOVES = YES;
				CLANG_WARN_UNREACHABLE_CODE = YES;
				CLANG_WARN__DUPLICATE_METHOD_MATCH = YES;
				"CODE_SIGN_IDENTITY[sdk=iphoneos*]" = "iPhone Developer";
				COPY_PHASE_STRIP = NO;
				DEBUG_INFORMATION_FORMAT = dwarf;
				ENABLE_STRICT_OBJC_MSGSEND = YES;
				ENABLE_TESTABILITY = YES;
				GCC_C_LANGUAGE_STANDARD = gnu99;
				GCC_DYNAMIC_NO_PIC = NO;
				GCC_NO_COMMON_BLOCKS = YES;
				GCC_OPTIMIZATION_LEVEL = 0;
				GCC_PREPROCESSOR_DEFINITIONS = (
					"DEBUG=1",
					"$(inherited)",
				);
				GCC_WARN_64_TO_32_BIT_CONVERSION = YES;
				GCC_WARN_ABOUT_RETURN_TYPE = YES_ERROR;
				GCC_WARN_UNDECLARED_SELECTOR = YES;
				GCC_WARN_UNINITIALIZED_AUTOS = YES_AGGRESSIVE;
				GCC_WARN_UNUSED_FUNCTION = YES;
				GCC_WARN_UNUSED_VARIABLE = YES;
				IPHONEOS_DEPLOYMENT_TARGET = 10.0;
				MTL_ENABLE_DEBUG_INFO = YES;
				ONLY_ACTIVE_ARCH = YES;
				SDKROOT = iphoneos;
				SWIFT_ACTIVE_COMPILATION_CONDITIONS = DEBUG;
				SWIFT_OPTIMIZATION_LEVEL = "-Onone";
				TARGETED_DEVICE_FAMILY = "1,2";
			};
			name = Debug;
		};
		FFAF3A1D1D63656C0083FABE /* Release */ = {
			isa = XCBuildConfiguration;
			buildSettings = {
				ALWAYS_SEARCH_USER_PATHS = NO;
				CLANG_ANALYZER_NONNULL = YES;
				CLANG_CXX_LANGUAGE_STANDARD = "gnu++0x";
				CLANG_CXX_LIBRARY = "libc++";
				CLANG_ENABLE_MODULES = YES;
				CLANG_ENABLE_OBJC_ARC = YES;
				CLANG_WARN_BOOL_CONVERSION = YES;
				CLANG_WARN_CONSTANT_CONVERSION = YES;
				CLANG_WARN_DIRECT_OBJC_ISA_USAGE = YES_ERROR;
				CLANG_WARN_DOCUMENTATION_COMMENTS = YES;
				CLANG_WARN_EMPTY_BODY = YES;
				CLANG_WARN_ENUM_CONVERSION = YES;
				CLANG_WARN_INFINITE_RECURSION = YES;
				CLANG_WARN_INT_CONVERSION = YES;
				CLANG_WARN_OBJC_ROOT_CLASS = YES_ERROR;
				CLANG_WARN_SUSPICIOUS_MOVES = YES;
				CLANG_WARN_UNREACHABLE_CODE = YES;
				CLANG_WARN__DUPLICATE_METHOD_MATCH = YES;
				"CODE_SIGN_IDENTITY[sdk=iphoneos*]" = "iPhone Developer";
				COPY_PHASE_STRIP = NO;
				DEBUG_INFORMATION_FORMAT = "dwarf-with-dsym";
				ENABLE_NS_ASSERTIONS = NO;
				ENABLE_STRICT_OBJC_MSGSEND = YES;
				GCC_C_LANGUAGE_STANDARD = gnu99;
				GCC_NO_COMMON_BLOCKS = YES;
				GCC_WARN_64_TO_32_BIT_CONVERSION = YES;
				GCC_WARN_ABOUT_RETURN_TYPE = YES_ERROR;
				GCC_WARN_UNDECLARED_SELECTOR = YES;
				GCC_WARN_UNINITIALIZED_AUTOS = YES_AGGRESSIVE;
				GCC_WARN_UNUSED_FUNCTION = YES;
				GCC_WARN_UNUSED_VARIABLE = YES;
				IPHONEOS_DEPLOYMENT_TARGET = 10.0;
				MTL_ENABLE_DEBUG_INFO = NO;
				SDKROOT = iphoneos;
				SWIFT_OPTIMIZATION_LEVEL = "-Owholemodule";
				TARGETED_DEVICE_FAMILY = "1,2";
				VALIDATE_PRODUCT = YES;
			};
			name = Release;
		};
		FFAF3A1F1D63656C0083FABE /* Debug */ = {
			isa = XCBuildConfiguration;
			buildSettings = {
				ASSETCATALOG_COMPILER_APPICON_NAME = AppIcon;
				INFOPLIST_FILE = uistackview/Info.plist;
				LD_RUNPATH_SEARCH_PATHS = "$(inherited) @executable_path/Frameworks";
				PRODUCT_BUNDLE_IDENTIFIER = com.mesut.uistackview;
				PRODUCT_NAME = "$(TARGET_NAME)";
				SWIFT_VERSION = 3.0;
			};
			name = Debug;
		};
		FFAF3A201D63656C0083FABE /* Release */ = {
			isa = XCBuildConfiguration;
			buildSettings = {
				ASSETCATALOG_COMPILER_APPICON_NAME = AppIcon;
				INFOPLIST_FILE = uistackview/Info.plist;
				LD_RUNPATH_SEARCH_PATHS = "$(inherited) @executable_path/Frameworks";
				PRODUCT_BUNDLE_IDENTIFIER = com.mesut.uistackview;
				PRODUCT_NAME = "$(TARGET_NAME)";
				SWIFT_VERSION = 3.0;
			};
			name = Release;
		};
/* End XCBuildConfiguration section */

/* Begin XCConfigurationList section */
		FFAF3A071D63656C0083FABE /* Build configuration list for PBXProject "uistackview" */ = {
			isa = XCConfigurationList;
			buildConfigurations = (
				FFAF3A1C1D63656C0083FABE /* Debug */,
				FFAF3A1D1D63656C0083FABE /* Release */,
			);
			defaultConfigurationIsVisible = 0;
			defaultConfigurationName = Release;
		};
		FFAF3A1E1D63656C0083FABE /* Build configuration list for PBXNativeTarget "uistackview" */ = {
			isa = XCConfigurationList;
			buildConfigurations = (
				FFAF3A1F1D63656C0083FABE /* Debug */,
				FFAF3A201D63656C0083FABE /* Release */,
			);
			defaultConfigurationIsVisible = 0;
		};
/* End XCConfigurationList section */
	};
	rootObject = FFAF3A041D63656C0083FABE /* Project object */;
}
